
Microsoft Visual Studio Solution File, Format Version 12.00
# Visual Studio Version 17
VisualStudioVersion = 17.5.33627.172
MinimumVisualStudioVersion = 10.0.40219.1
Project("{FAE04EC0-301F-11D3-BF4B-00C04F79EFBC}") = "TCC-appDesktop_1-0", "TCC-appDesktop_1-0\TCC-appDesktop_1-0.csproj", "{D020AE0C-C424-427A-B3BE-CEEB70B821FF}"
EndProject
Global
	GlobalSection(SolutionConfigurationPlatforms) = preSolution
		Debug|Any CPU = Debug|Any CPU
		Release|Any CPU = Release|Any CPU
	EndGlobalSection
	GlobalSection(ProjectConfigurationPlatforms) = postSolution
		{D020AE0C-C424-427A-B3BE-CEEB70B821FF}.Debug|Any CPU.ActiveCfg = Debug|Any CPU
		{D020AE0C-C424-427A-B3BE-CEEB70B821FF}.Debug|Any CPU.Build.0 = Debug|Any CPU
		{D020AE0C-C424-427A-B3BE-CEEB70B821FF}.Release|Any CPU.ActiveCfg = Release|Any CPU
		{D020AE0C-C424-427A-B3BE-CEEB70B821FF}.Release|Any CPU.Build.0 = Release|Any CPU
	EndGlobalSection
	GlobalSection(SolutionProperties) = preSolution
		HideSolutionNode = FALSE
	EndGlobalSection
	GlobalSection(ExtensibilityGlobals) = postSolution
		SolutionGuid = {78B39907-C866-4090-88BD-38861D61CA8E}
	EndGlobalSection
EndGlobal
